
Microsoft Visual Studio Solution File, Format Version 12.00
# Visual Studio Version 17
Project("{8BC9CEB8-8B4A-11D0-8D11-00A0C91BC942}") = "ALL_BUILD", "ALL_BUILD.vcxproj", "{CBDD3FB3-0BFA-3959-9BD3-AE4B99208752}"
	ProjectSection(ProjectDependencies) = postProject
		{255AB1D5-B70D-32D5-B647-ADFBC09FCAE1} = {255AB1D5-B70D-32D5-B647-ADFBC09FCAE1}
		{B26728E3-6C46-3751-A580-5C24F5CF26E8} = {B26728E3-6C46-3751-A580-5C24F5CF26E8}
		{BB9784B0-090E-35F5-A146-CD095E88EAA1} = {BB9784B0-090E-35F5-A146-CD095E88EAA1}
		{D407520F-8874-372C-87F0-E7165C79189B} = {D407520F-8874-372C-87F0-E7165C79189B}
		{A2383BAA-3AD1-36C4-8580-D0B897BF71B6} = {A2383BAA-3AD1-36C4-8580-D0B897BF71B6}
		{CB318607-4E71-34B8-883C-E24C6CD48506} = {CB318607-4E71-34B8-883C-E24C6CD48506}
		{246C04F3-C4FA-348F-BDA7-CBE5DB1FEB4F} = {246C04F3-C4FA-348F-BDA7-CBE5DB1FEB4F}
		{A0316D9C-D1E5-3A7A-807D-DCF95FC7719D} = {A0316D9C-D1E5-3A7A-807D-DCF95FC7719D}
		{FC5BCB0F-E6E3-373C-BAA3-0FD720905CFE} = {FC5BCB0F-E6E3-373C-BAA3-0FD720905CFE}
		{6FB0BA62-1C29-3A2A-A68F-D57D8092EA08} = {6FB0BA62-1C29-3A2A-A68F-D57D8092EA08}
		{0B3494CA-F267-307D-A51C-963B5D65BCF8} = {0B3494CA-F267-307D-A51C-963B5D65BCF8}
		{5C453C1C-BA11-356C-94A6-44BB8E41A95B} = {5C453C1C-BA11-356C-94A6-44BB8E41A95B}
		{0534405B-729E-3165-ACA0-C7981A426CCF} = {0534405B-729E-3165-ACA0-C7981A426CCF}
	EndProjectSection
EndProject
Project("{8BC9CEB8-8B4A-11D0-8D11-00A0C91BC942}") = "RUN_TESTS", "RUN_TESTS.vcxproj", "{8EBFBDCB-AF67-32B1-BE28-23948C4E961F}"
	ProjectSection(ProjectDependencies) = postProject
		{255AB1D5-B70D-32D5-B647-ADFBC09FCAE1} = {255AB1D5-B70D-32D5-B647-ADFBC09FCAE1}
	EndProjectSection
EndProject
Project("{8BC9CEB8-8B4A-11D0-8D11-00A0C91BC942}") = "ZERO_CHECK", "ZERO_CHECK.vcxproj", "{255AB1D5-B70D-32D5-B647-ADFBC09FCAE1}"
	ProjectSection(ProjectDependencies) = postProject
	EndProjectSection
EndProject
Project("{8BC9CEB8-8B4A-11D0-8D11-00A0C91BC942}") = "monopoly", "monopoly.vcxproj", "{B26728E3-6C46-3751-A580-5C24F5CF26E8}"
	ProjectSection(ProjectDependencies) = postProject
		{255AB1D5-B70D-32D5-B647-ADFBC09FCAE1} = {255AB1D5-B70D-32D5-B647-ADFBC09FCAE1}
		{BB9784B0-090E-35F5-A146-CD095E88EAA1} = {BB9784B0-090E-35F5-A146-CD095E88EAA1}
	EndProjectSection
EndProject
Project("{8BC9CEB8-8B4A-11D0-8D11-00A0C91BC942}") = "monopoly_core", "monopoly_core.vcxproj", "{BB9784B0-090E-35F5-A146-CD095E88EAA1}"
	ProjectSection(ProjectDependencies) = postProject
		{255AB1D5-B70D-32D5-B647-ADFBC09FCAE1} = {255AB1D5-B70D-32D5-B647-ADFBC09FCAE1}
	EndProjectSection
EndProject
Project("{8BC9CEB8-8B4A-11D0-8D11-00A0C91BC942}") = "test_a1", "test_a1.vcxproj", "{D407520F-8874-372C-87F0-E7165C79189B}"
	ProjectSection(ProjectDependencies) = postProject
		{255AB1D5-B70D-32D5-B647-ADFBC09FCAE1} = {255AB1D5-B70D-32D5-B647-ADFBC09FCAE1}
		{BB9784B0-090E-35F5-A146-CD095E88EAA1} = {BB9784B0-090E-35F5-A146-CD095E88EAA1}
	EndProjectSection
EndProject
Project("{8BC9CEB8-8B4A-11D0-8D11-00A0C91BC942}") = "test_a15", "test_a15.vcxproj", "{A2383BAA-3AD1-36C4-8580-D0B897BF71B6}"
	ProjectSection(ProjectDependencies) = postProject
		{255AB1D5-B70D-32D5-B647-ADFBC09FCAE1} = {255AB1D5-B70D-32D5-B647-ADFBC09FCAE1}
		{BB9784B0-090E-35F5-A146-CD095E88EAA1} = {BB9784B0-090E-35F5-A146-CD095E88EAA1}
	EndProjectSection
EndProject
Project("{8BC9CEB8-8B4A-11D0-8D11-00A0C91BC942}") = "test_a16", "test_a16.vcxproj", "{CB318607-4E71-34B8-883C-E24C6CD48506}"
	ProjectSection(ProjectDependencies) = postProject
		{255AB1D5-B70D-32D5-B647-ADFBC09FCAE1} = {255AB1D5-B70D-32D5-B647-ADFBC09FCAE1}
		{BB9784B0-090E-35F5-A146-CD095E88EAA1} = {BB9784B0-090E-35F5-A146-CD095E88EAA1}
	EndProjectSection
EndProject
Project("{8BC9CEB8-8B4A-11D0-8D11-00A0C91BC942}") = "test_a20", "test_a20.vcxproj", "{246C04F3-C4FA-348F-BDA7-CBE5DB1FEB4F}"
	ProjectSection(ProjectDependencies) = postProject
		{255AB1D5-B70D-32D5-B647-ADFBC09FCAE1} = {255AB1D5-B70D-32D5-B647-ADFBC09FCAE1}
		{BB9784B0-090E-35F5-A146-CD095E88EAA1} = {BB9784B0-090E-35F5-A146-CD095E88EAA1}
	EndProjectSection
EndProject
Project("{8BC9CEB8-8B4A-11D0-8D11-00A0C91BC942}") = "test_a21", "test_a21.vcxproj", "{A0316D9C-D1E5-3A7A-807D-DCF95FC7719D}"
	ProjectSection(ProjectDependencies) = postProject
		{255AB1D5-B70D-32D5-B647-ADFBC09FCAE1} = {255AB1D5-B70D-32D5-B647-ADFBC09FCAE1}
		{BB9784B0-090E-35F5-A146-CD095E88EAA1} = {BB9784B0-090E-35F5-A146-CD095E88EAA1}
	EndProjectSection
EndProject
Project("{8BC9CEB8-8B4A-11D0-8D11-00A0C91BC942}") = "test_a3", "test_a3.vcxproj", "{FC5BCB0F-E6E3-373C-BAA3-0FD720905CFE}"
	ProjectSection(ProjectDependencies) = postProject
		{255AB1D5-B70D-32D5-B647-ADFBC09FCAE1} = {255AB1D5-B70D-32D5-B647-ADFBC09FCAE1}
		{BB9784B0-090E-35F5-A146-CD095E88EAA1} = {BB9784B0-090E-35F5-A146-CD095E88EAA1}
	EndProjectSection
EndProject
Project("{8BC9CEB8-8B4A-11D0-8D11-00A0C91BC942}") = "test_a4", "test_a4.vcxproj", "{6FB0BA62-1C29-3A2A-A68F-D57D8092EA08}"
	ProjectSection(ProjectDependencies) = postProject
		{255AB1D5-B70D-32D5-B647-ADFBC09FCAE1} = {255AB1D5-B70D-32D5-B647-ADFBC09FCAE1}
		{BB9784B0-090E-35F5-A146-CD095E88EAA1} = {BB9784B0-090E-35F5-A146-CD095E88EAA1}
	EndProjectSection
EndProject
Project("{8BC9CEB8-8B4A-11D0-8D11-00A0C91BC942}") = "test_a4_runtime", "test_a4_runtime.vcxproj", "{0B3494CA-F267-307D-A51C-963B5D65BCF8}"
	ProjectSection(ProjectDependencies) = postProject
		{255AB1D5-B70D-32D5-B647-ADFBC09FCAE1} = {255AB1D5-B70D-32D5-B647-ADFBC09FCAE1}
		{BB9784B0-090E-35F5-A146-CD095E88EAA1} = {BB9784B0-090E-35F5-A146-CD095E88EAA1}
	EndProjectSection
EndProject
Project("{8BC9CEB8-8B4A-11D0-8D11-00A0C91BC942}") = "test_map", "test_map.vcxproj", "{5C453C1C-BA11-356C-94A6-44BB8E41A95B}"
	ProjectSection(ProjectDependencies) = postProject
		{255AB1D5-B70D-32D5-B647-ADFBC09FCAE1} = {255AB1D5-B70D-32D5-B647-ADFBC09FCAE1}
		{BB9784B0-090E-35F5-A146-CD095E88EAA1} = {BB9784B0-090E-35F5-A146-CD095E88EAA1}
	EndProjectSection
EndProject
Project("{8BC9CEB8-8B4A-11D0-8D11-00A0C91BC942}") = "test_property", "test_property.vcxproj", "{0534405B-729E-3165-ACA0-C7981A426CCF}"
	ProjectSection(ProjectDependencies) = postProject
		{255AB1D5-B70D-32D5-B647-ADFBC09FCAE1} = {255AB1D5-B70D-32D5-B647-ADFBC09FCAE1}
		{BB9784B0-090E-35F5-A146-CD095E88EAA1} = {BB9784B0-090E-35F5-A146-CD095E88EAA1}
	EndProjectSection
EndProject
Global
	GlobalSection(SolutionConfigurationPlatforms) = preSolution
		Debug|x64 = Debug|x64
		Release|x64 = Release|x64
		MinSizeRel|x64 = MinSizeRel|x64
		RelWithDebInfo|x64 = RelWithDebInfo|x64
	EndGlobalSection
	GlobalSection(ProjectConfigurationPlatforms) = postSolution
		{CBDD3FB3-0BFA-3959-9BD3-AE4B99208752}.Debug|x64.ActiveCfg = Debug|x64
		{CBDD3FB3-0BFA-3959-9BD3-AE4B99208752}.Release|x64.ActiveCfg = Release|x64
		{CBDD3FB3-0BFA-3959-9BD3-AE4B99208752}.MinSizeRel|x64.ActiveCfg = MinSizeRel|x64
		{CBDD3FB3-0BFA-3959-9BD3-AE4B99208752}.RelWithDebInfo|x64.ActiveCfg = RelWithDebInfo|x64
		{8EBFBDCB-AF67-32B1-BE28-23948C4E961F}.Debug|x64.ActiveCfg = Debug|x64
		{8EBFBDCB-AF67-32B1-BE28-23948C4E961F}.Release|x64.ActiveCfg = Release|x64
		{8EBFBDCB-AF67-32B1-BE28-23948C4E961F}.MinSizeRel|x64.ActiveCfg = MinSizeRel|x64
		{8EBFBDCB-AF67-32B1-BE28-23948C4E961F}.RelWithDebInfo|x64.ActiveCfg = RelWithDebInfo|x64
		{255AB1D5-B70D-32D5-B647-ADFBC09FCAE1}.Debug|x64.ActiveCfg = Debug|x64
		{255AB1D5-B70D-32D5-B647-ADFBC09FCAE1}.Debug|x64.Build.0 = Debug|x64
		{255AB1D5-B70D-32D5-B647-ADFBC09FCAE1}.Release|x64.ActiveCfg = Release|x64
		{255AB1D5-B70D-32D5-B647-ADFBC09FCAE1}.Release|x64.Build.0 = Release|x64
		{255AB1D5-B70D-32D5-B647-ADFBC09FCAE1}.MinSizeRel|x64.ActiveCfg = MinSizeRel|x64
		{255AB1D5-B70D-32D5-B647-ADFBC09FCAE1}.MinSizeRel|x64.Build.0 = MinSizeRel|x64
		{255AB1D5-B70D-32D5-B647-ADFBC09FCAE1}.RelWithDebInfo|x64.ActiveCfg = RelWithDebInfo|x64
		{255AB1D5-B70D-32D5-B647-ADFBC09FCAE1}.RelWithDebInfo|x64.Build.0 = RelWithDebInfo|x64
		{B26728E3-6C46-3751-A580-5C24F5CF26E8}.Debug|x64.ActiveCfg = Debug|x64
		{B26728E3-6C46-3751-A580-5C24F5CF26E8}.Debug|x64.Build.0 = Debug|x64
		{B26728E3-6C46-3751-A580-5C24F5CF26E8}.Release|x64.ActiveCfg = Release|x64
		{B26728E3-6C46-3751-A580-5C24F5CF26E8}.Release|x64.Build.0 = Release|x64
		{B26728E3-6C46-3751-A580-5C24F5CF26E8}.MinSizeRel|x64.ActiveCfg = MinSizeRel|x64
		{B26728E3-6C46-3751-A580-5C24F5CF26E8}.MinSizeRel|x64.Build.0 = MinSizeRel|x64
		{B26728E3-6C46-3751-A580-5C24F5CF26E8}.RelWithDebInfo|x64.ActiveCfg = RelWithDebInfo|x64
		{B26728E3-6C46-3751-A580-5C24F5CF26E8}.RelWithDebInfo|x64.Build.0 = RelWithDebInfo|x64
		{BB9784B0-090E-35F5-A146-CD095E88EAA1}.Debug|x64.ActiveCfg = Debug|x64
		{BB9784B0-090E-35F5-A146-CD095E88EAA1}.Debug|x64.Build.0 = Debug|x64
		{BB9784B0-090E-35F5-A146-CD095E88EAA1}.Release|x64.ActiveCfg = Release|x64
		{BB9784B0-090E-35F5-A146-CD095E88EAA1}.Release|x64.Build.0 = Release|x64
		{BB9784B0-090E-35F5-A146-CD095E88EAA1}.MinSizeRel|x64.ActiveCfg = MinSizeRel|x64
		{BB9784B0-090E-35F5-A146-CD095E88EAA1}.MinSizeRel|x64.Build.0 = MinSizeRel|x64
		{BB9784B0-090E-35F5-A146-CD095E88EAA1}.RelWithDebInfo|x64.ActiveCfg = RelWithDebInfo|x64
		{BB9784B0-090E-35F5-A146-CD095E88EAA1}.RelWithDebInfo|x64.Build.0 = RelWithDebInfo|x64
		{D407520F-8874-372C-87F0-E7165C79189B}.Debug|x64.ActiveCfg = Debug|x64
		{D407520F-8874-372C-87F0-E7165C79189B}.Debug|x64.Build.0 = Debug|x64
		{D407520F-8874-372C-87F0-E7165C79189B}.Release|x64.ActiveCfg = Release|x64
		{D407520F-8874-372C-87F0-E7165C79189B}.Release|x64.Build.0 = Release|x64
		{D407520F-8874-372C-87F0-E7165C79189B}.MinSizeRel|x64.ActiveCfg = MinSizeRel|x64
		{D407520F-8874-372C-87F0-E7165C79189B}.MinSizeRel|x64.Build.0 = MinSizeRel|x64
		{D407520F-8874-372C-87F0-E7165C79189B}.RelWithDebInfo|x64.ActiveCfg = RelWithDebInfo|x64
		{D407520F-8874-372C-87F0-E7165C79189B}.RelWithDebInfo|x64.Build.0 = RelWithDebInfo|x64
		{A2383BAA-3AD1-36C4-8580-D0B897BF71B6}.Debug|x64.ActiveCfg = Debug|x64
		{A2383BAA-3AD1-36C4-8580-D0B897BF71B6}.Debug|x64.Build.0 = Debug|x64
		{A2383BAA-3AD1-36C4-8580-D0B897BF71B6}.Release|x64.ActiveCfg = Release|x64
		{A2383BAA-3AD1-36C4-8580-D0B897BF71B6}.Release|x64.Build.0 = Release|x64
		{A2383BAA-3AD1-36C4-8580-D0B897BF71B6}.MinSizeRel|x64.ActiveCfg = MinSizeRel|x64
		{A2383BAA-3AD1-36C4-8580-D0B897BF71B6}.MinSizeRel|x64.Build.0 = MinSizeRel|x64
		{A2383BAA-3AD1-36C4-8580-D0B897BF71B6}.RelWithDebInfo|x64.ActiveCfg = RelWithDebInfo|x64
		{A2383BAA-3AD1-36C4-8580-D0B897BF71B6}.RelWithDebInfo|x64.Build.0 = RelWithDebInfo|x64
		{CB318607-4E71-34B8-883C-E24C6CD48506}.Debug|x64.ActiveCfg = Debug|x64
		{CB318607-4E71-34B8-883C-E24C6CD48506}.Debug|x64.Build.0 = Debug|x64
		{CB318607-4E71-34B8-883C-E24C6CD48506}.Release|x64.ActiveCfg = Release|x64
		{CB318607-4E71-34B8-883C-E24C6CD48506}.Release|x64.Build.0 = Release|x64
		{CB318607-4E71-34B8-883C-E24C6CD48506}.MinSizeRel|x64.ActiveCfg = MinSizeRel|x64
		{CB318607-4E71-34B8-883C-E24C6CD48506}.MinSizeRel|x64.Build.0 = MinSizeRel|x64
		{CB318607-4E71-34B8-883C-E24C6CD48506}.RelWithDebInfo|x64.ActiveCfg = RelWithDebInfo|x64
		{CB318607-4E71-34B8-883C-E24C6CD48506}.RelWithDebInfo|x64.Build.0 = RelWithDebInfo|x64
		{246C04F3-C4FA-348F-BDA7-CBE5DB1FEB4F}.Debug|x64.ActiveCfg = Debug|x64
		{246C04F3-C4FA-348F-BDA7-CBE5DB1FEB4F}.Debug|x64.Build.0 = Debug|x64
		{246C04F3-C4FA-348F-BDA7-CBE5DB1FEB4F}.Release|x64.ActiveCfg = Release|x64
		{246C04F3-C4FA-348F-BDA7-CBE5DB1FEB4F}.Release|x64.Build.0 = Release|x64
		{246C04F3-C4FA-348F-BDA7-CBE5DB1FEB4F}.MinSizeRel|x64.ActiveCfg = MinSizeRel|x64
		{246C04F3-C4FA-348F-BDA7-CBE5DB1FEB4F}.MinSizeRel|x64.Build.0 = MinSizeRel|x64
		{246C04F3-C4FA-348F-BDA7-CBE5DB1FEB4F}.RelWithDebInfo|x64.ActiveCfg = RelWithDebInfo|x64
		{246C04F3-C4FA-348F-BDA7-CBE5DB1FEB4F}.RelWithDebInfo|x64.Build.0 = RelWithDebInfo|x64
		{A0316D9C-D1E5-3A7A-807D-DCF95FC7719D}.Debug|x64.ActiveCfg = Debug|x64
		{A0316D9C-D1E5-3A7A-807D-DCF95FC7719D}.Debug|x64.Build.0 = Debug|x64
		{A0316D9C-D1E5-3A7A-807D-DCF95FC7719D}.Release|x64.ActiveCfg = Release|x64
		{A0316D9C-D1E5-3A7A-807D-DCF95FC7719D}.Release|x64.Build.0 = Release|x64
		{A0316D9C-D1E5-3A7A-807D-DCF95FC7719D}.MinSizeRel|x64.ActiveCfg = MinSizeRel|x64
		{A0316D9C-D1E5-3A7A-807D-DCF95FC7719D}.MinSizeRel|x64.Build.0 = MinSizeRel|x64
		{A0316D9C-D1E5-3A7A-807D-DCF95FC7719D}.RelWithDebInfo|x64.ActiveCfg = RelWithDebInfo|x64
		{A0316D9C-D1E5-3A7A-807D-DCF95FC7719D}.RelWithDebInfo|x64.Build.0 = RelWithDebInfo|x64
		{FC5BCB0F-E6E3-373C-BAA3-0FD720905CFE}.Debug|x64.ActiveCfg = Debug|x64
		{FC5BCB0F-E6E3-373C-BAA3-0FD720905CFE}.Debug|x64.Build.0 = Debug|x64
		{FC5BCB0F-E6E3-373C-BAA3-0FD720905CFE}.Release|x64.ActiveCfg = Release|x64
		{FC5BCB0F-E6E3-373C-BAA3-0FD720905CFE}.Release|x64.Build.0 = Release|x64
		{FC5BCB0F-E6E3-373C-BAA3-0FD720905CFE}.MinSizeRel|x64.ActiveCfg = MinSizeRel|x64
		{FC5BCB0F-E6E3-373C-BAA3-0FD720905CFE}.MinSizeRel|x64.Build.0 = MinSizeRel|x64
		{FC5BCB0F-E6E3-373C-BAA3-0FD720905CFE}.RelWithDebInfo|x64.ActiveCfg = RelWithDebInfo|x64
		{FC5BCB0F-E6E3-373C-BAA3-0FD720905CFE}.RelWithDebInfo|x64.Build.0 = RelWithDebInfo|x64
		{6FB0BA62-1C29-3A2A-A68F-D57D8092EA08}.Debug|x64.ActiveCfg = Debug|x64
		{6FB0BA62-1C29-3A2A-A68F-D57D8092EA08}.Debug|x64.Build.0 = Debug|x64
		{6FB0BA62-1C29-3A2A-A68F-D57D8092EA08}.Release|x64.ActiveCfg = Release|x64
		{6FB0BA62-1C29-3A2A-A68F-D57D8092EA08}.Release|x64.Build.0 = Release|x64
		{6FB0BA62-1C29-3A2A-A68F-D57D8092EA08}.MinSizeRel|x64.ActiveCfg = MinSizeRel|x64
		{6FB0BA62-1C29-3A2A-A68F-D57D8092EA08}.MinSizeRel|x64.Build.0 = MinSizeRel|x64
		{6FB0BA62-1C29-3A2A-A68F-D57D8092EA08}.RelWithDebInfo|x64.ActiveCfg = RelWithDebInfo|x64
		{6FB0BA62-1C29-3A2A-A68F-D57D8092EA08}.RelWithDebInfo|x64.Build.0 = RelWithDebInfo|x64
		{0B3494CA-F267-307D-A51C-963B5D65BCF8}.Debug|x64.ActiveCfg = Debug|x64
		{0B3494CA-F267-307D-A51C-963B5D65BCF8}.Debug|x64.Build.0 = Debug|x64
		{0B3494CA-F267-307D-A51C-963B5D65BCF8}.Release|x64.ActiveCfg = Release|x64
		{0B3494CA-F267-307D-A51C-963B5D65BCF8}.Release|x64.Build.0 = Release|x64
		{0B3494CA-F267-307D-A51C-963B5D65BCF8}.MinSizeRel|x64.ActiveCfg = MinSizeRel|x64
		{0B3494CA-F267-307D-A51C-963B5D65BCF8}.MinSizeRel|x64.Build.0 = MinSizeRel|x64
		{0B3494CA-F267-307D-A51C-963B5D65BCF8}.RelWithDebInfo|x64.ActiveCfg = RelWithDebInfo|x64
		{0B3494CA-F267-307D-A51C-963B5D65BCF8}.RelWithDebInfo|x64.Build.0 = RelWithDebInfo|x64
		{5C453C1C-BA11-356C-94A6-44BB8E41A95B}.Debug|x64.ActiveCfg = Debug|x64
		{5C453C1C-BA11-356C-94A6-44BB8E41A95B}.Debug|x64.Build.0 = Debug|x64
		{5C453C1C-BA11-356C-94A6-44BB8E41A95B}.Release|x64.ActiveCfg = Release|x64
		{5C453C1C-BA11-356C-94A6-44BB8E41A95B}.Release|x64.Build.0 = Release|x64
		{5C453C1C-BA11-356C-94A6-44BB8E41A95B}.MinSizeRel|x64.ActiveCfg = MinSizeRel|x64
		{5C453C1C-BA11-356C-94A6-44BB8E41A95B}.MinSizeRel|x64.Build.0 = MinSizeRel|x64
		{5C453C1C-BA11-356C-94A6-44BB8E41A95B}.RelWithDebInfo|x64.ActiveCfg = RelWithDebInfo|x64
		{5C453C1C-BA11-356C-94A6-44BB8E41A95B}.RelWithDebInfo|x64.Build.0 = RelWithDebInfo|x64
		{0534405B-729E-3165-ACA0-C7981A426CCF}.Debug|x64.ActiveCfg = Debug|x64
		{0534405B-729E-3165-ACA0-C7981A426CCF}.Debug|x64.Build.0 = Debug|x64
		{0534405B-729E-3165-ACA0-C7981A426CCF}.Release|x64.ActiveCfg = Release|x64
		{0534405B-729E-3165-ACA0-C7981A426CCF}.Release|x64.Build.0 = Release|x64
		{0534405B-729E-3165-ACA0-C7981A426CCF}.MinSizeRel|x64.ActiveCfg = MinSizeRel|x64
		{0534405B-729E-3165-ACA0-C7981A426CCF}.MinSizeRel|x64.Build.0 = MinSizeRel|x64
		{0534405B-729E-3165-ACA0-C7981A426CCF}.RelWithDebInfo|x64.ActiveCfg = RelWithDebInfo|x64
		{0534405B-729E-3165-ACA0-C7981A426CCF}.RelWithDebInfo|x64.Build.0 = RelWithDebInfo|x64
	EndGlobalSection
	GlobalSection(ExtensibilityGlobals) = postSolution
		SolutionGuid = {F0E8125E-B015-36D8-BA61-AA646DB5D97F}
	EndGlobalSection
	GlobalSection(ExtensibilityAddIns) = postSolution
	EndGlobalSection
EndGlobal
