<?xml version="1.0" encoding="utf-8"?>
<Project ToolsVersion="17.0" xmlns="http://schemas.microsoft.com/developer/msbuild/2003">
  <ItemGroup>
    <ClCompile Include="E:\软件工程\开发过程\bug\tests\test_a16.c">
      <Filter>Source Files</Filter>
    </ClCompile>
  </ItemGroup>
  <ItemGroup>
    <CustomBuild Include="E:\软件工程\开发过程\bug\CMakeLists.txt" />
  </ItemGroup>
  <ItemGroup>
    <Filter Include="Source Files">
      <UniqueIdentifier>{3EBAA468-9E9D-3D14-8885-B118C37C4C54}</UniqueIdentifier>
    </Filter>
  </ItemGroup>
</Project>
