
Microsoft Visual Studio Solution File, Format Version 12.00
# Visual Studio Version 17
Project("{8BC9CEB8-8B4A-11D0-8D11-00A0C91BC942}") = "ALL_BUILD", "ALL_BUILD.vcxproj", "{69AFA3C5-FACB-36BB-AA5F-3439ACCA96E1}"
	ProjectSection(ProjectDependencies) = postProject
		{0593E216-532F-37E0-A1EB-495D2575A7D6} = {0593E216-532F-37E0-A1EB-495D2575A7D6}
		{A97273BD-A2AA-322D-A0A2-08F9B417A34C} = {A97273BD-A2AA-322D-A0A2-08F9B417A34C}
		{F1C36DBE-AC70-38CD-9EA6-F83A75C9CB73} = {F1C36DBE-AC70-38CD-9EA6-F83A75C9CB73}
		{8983EF3E-852C-3FA4-812E-210F6E3EECC1} = {8983EF3E-852C-3FA4-812E-210F6E3EECC1}
		{1D3DF85B-B89C-3937-BAD0-1D2FF5A44757} = {1D3DF85B-B89C-3937-BAD0-1D2FF5A44757}
		{4537FB58-7A10-3C4D-9F67-F515D6D2AB0C} = {4537FB58-7A10-3C4D-9F67-F515D6D2AB0C}
		{5EEFFEAF-B611-308B-9DCC-3ACE27B8F6DC} = {5EEFFEAF-B611-308B-9DCC-3ACE27B8F6DC}
		{D7A61D80-3E19-3373-A8BF-A3BE7C3824CF} = {D7A61D80-3E19-3373-A8BF-A3BE7C3824CF}
		{FB126829-9D76-39F0-9119-F30C5B1B9AAE} = {FB126829-9D76-39F0-9119-F30C5B1B9AAE}
		{0561091F-40B1-3571-9FB7-89F45E582AA6} = {0561091F-40B1-3571-9FB7-89F45E582AA6}
		{D7AD541E-8E12-3F70-A1A8-B02D8D752BE3} = {D7AD541E-8E12-3F70-A1A8-B02D8D752BE3}
		{AB4B7B8D-379B-31F4-88BF-F73AB2F110F3} = {AB4B7B8D-379B-31F4-88BF-F73AB2F110F3}
		{8DE2A0FC-353C-3B92-87CB-4633901A7897} = {8DE2A0FC-353C-3B92-87CB-4633901A7897}
	EndProjectSection
EndProject
Project("{8BC9CEB8-8B4A-11D0-8D11-00A0C91BC942}") = "RUN_TESTS", "RUN_TESTS.vcxproj", "{8CDC8DF1-81A5-35D4-BCEF-0F6A432604B0}"
	ProjectSection(ProjectDependencies) = postProject
		{0593E216-532F-37E0-A1EB-495D2575A7D6} = {0593E216-532F-37E0-A1EB-495D2575A7D6}
	EndProjectSection
EndProject
Project("{8BC9CEB8-8B4A-11D0-8D11-00A0C91BC942}") = "ZERO_CHECK", "ZERO_CHECK.vcxproj", "{0593E216-532F-37E0-A1EB-495D2575A7D6}"
	ProjectSection(ProjectDependencies) = postProject
	EndProjectSection
EndProject
Project("{8BC9CEB8-8B4A-11D0-8D11-00A0C91BC942}") = "monopoly", "monopoly.vcxproj", "{A97273BD-A2AA-322D-A0A2-08F9B417A34C}"
	ProjectSection(ProjectDependencies) = postProject
		{0593E216-532F-37E0-A1EB-495D2575A7D6} = {0593E216-532F-37E0-A1EB-495D2575A7D6}
		{F1C36DBE-AC70-38CD-9EA6-F83A75C9CB73} = {F1C36DBE-AC70-38CD-9EA6-F83A75C9CB73}
	EndProjectSection
EndProject
Project("{8BC9CEB8-8B4A-11D0-8D11-00A0C91BC942}") = "monopoly_core", "monopoly_core.vcxproj", "{F1C36DBE-AC70-38CD-9EA6-F83A75C9CB73}"
	ProjectSection(ProjectDependencies) = postProject
		{0593E216-532F-37E0-A1EB-495D2575A7D6} = {0593E216-532F-37E0-A1EB-495D2575A7D6}
	EndProjectSection
EndProject
Project("{8BC9CEB8-8B4A-11D0-8D11-00A0C91BC942}") = "test_a1", "test_a1.vcxproj", "{8983EF3E-852C-3FA4-812E-210F6E3EECC1}"
	ProjectSection(ProjectDependencies) = postProject
		{0593E216-532F-37E0-A1EB-495D2575A7D6} = {0593E216-532F-37E0-A1EB-495D2575A7D6}
		{F1C36DBE-AC70-38CD-9EA6-F83A75C9CB73} = {F1C36DBE-AC70-38CD-9EA6-F83A75C9CB73}
	EndProjectSection
EndProject
Project("{8BC9CEB8-8B4A-11D0-8D11-00A0C91BC942}") = "test_a15", "test_a15.vcxproj", "{1D3DF85B-B89C-3937-BAD0-1D2FF5A44757}"
	ProjectSection(ProjectDependencies) = postProject
		{0593E216-532F-37E0-A1EB-495D2575A7D6} = {0593E216-532F-37E0-A1EB-495D2575A7D6}
		{F1C36DBE-AC70-38CD-9EA6-F83A75C9CB73} = {F1C36DBE-AC70-38CD-9EA6-F83A75C9CB73}
	EndProjectSection
EndProject
Project("{8BC9CEB8-8B4A-11D0-8D11-00A0C91BC942}") = "test_a16", "test_a16.vcxproj", "{4537FB58-7A10-3C4D-9F67-F515D6D2AB0C}"
	ProjectSection(ProjectDependencies) = postProject
		{0593E216-532F-37E0-A1EB-495D2575A7D6} = {0593E216-532F-37E0-A1EB-495D2575A7D6}
		{F1C36DBE-AC70-38CD-9EA6-F83A75C9CB73} = {F1C36DBE-AC70-38CD-9EA6-F83A75C9CB73}
	EndProjectSection
EndProject
Project("{8BC9CEB8-8B4A-11D0-8D11-00A0C91BC942}") = "test_a20", "test_a20.vcxproj", "{5EEFFEAF-B611-308B-9DCC-3ACE27B8F6DC}"
	ProjectSection(ProjectDependencies) = postProject
		{0593E216-532F-37E0-A1EB-495D2575A7D6} = {0593E216-532F-37E0-A1EB-495D2575A7D6}
		{F1C36DBE-AC70-38CD-9EA6-F83A75C9CB73} = {F1C36DBE-AC70-38CD-9EA6-F83A75C9CB73}
	EndProjectSection
EndProject
Project("{8BC9CEB8-8B4A-11D0-8D11-00A0C91BC942}") = "test_a21", "test_a21.vcxproj", "{D7A61D80-3E19-3373-A8BF-A3BE7C3824CF}"
	ProjectSection(ProjectDependencies) = postProject
		{0593E216-532F-37E0-A1EB-495D2575A7D6} = {0593E216-532F-37E0-A1EB-495D2575A7D6}
		{F1C36DBE-AC70-38CD-9EA6-F83A75C9CB73} = {F1C36DBE-AC70-38CD-9EA6-F83A75C9CB73}
	EndProjectSection
EndProject
Project("{8BC9CEB8-8B4A-11D0-8D11-00A0C91BC942}") = "test_a3", "test_a3.vcxproj", "{FB126829-9D76-39F0-9119-F30C5B1B9AAE}"
	ProjectSection(ProjectDependencies) = postProject
		{0593E216-532F-37E0-A1EB-495D2575A7D6} = {0593E216-532F-37E0-A1EB-495D2575A7D6}
		{F1C36DBE-AC70-38CD-9EA6-F83A75C9CB73} = {F1C36DBE-AC70-38CD-9EA6-F83A75C9CB73}
	EndProjectSection
EndProject
Project("{8BC9CEB8-8B4A-11D0-8D11-00A0C91BC942}") = "test_a4", "test_a4.vcxproj", "{0561091F-40B1-3571-9FB7-89F45E582AA6}"
	ProjectSection(ProjectDependencies) = postProject
		{0593E216-532F-37E0-A1EB-495D2575A7D6} = {0593E216-532F-37E0-A1EB-495D2575A7D6}
		{F1C36DBE-AC70-38CD-9EA6-F83A75C9CB73} = {F1C36DBE-AC70-38CD-9EA6-F83A75C9CB73}
	EndProjectSection
EndProject
Project("{8BC9CEB8-8B4A-11D0-8D11-00A0C91BC942}") = "test_a4_runtime", "test_a4_runtime.vcxproj", "{D7AD541E-8E12-3F70-A1A8-B02D8D752BE3}"
	ProjectSection(ProjectDependencies) = postProject
		{0593E216-532F-37E0-A1EB-495D2575A7D6} = {0593E216-532F-37E0-A1EB-495D2575A7D6}
		{F1C36DBE-AC70-38CD-9EA6-F83A75C9CB73} = {F1C36DBE-AC70-38CD-9EA6-F83A75C9CB73}
	EndProjectSection
EndProject
Project("{8BC9CEB8-8B4A-11D0-8D11-00A0C91BC942}") = "test_map", "test_map.vcxproj", "{AB4B7B8D-379B-31F4-88BF-F73AB2F110F3}"
	ProjectSection(ProjectDependencies) = postProject
		{0593E216-532F-37E0-A1EB-495D2575A7D6} = {0593E216-532F-37E0-A1EB-495D2575A7D6}
		{F1C36DBE-AC70-38CD-9EA6-F83A75C9CB73} = {F1C36DBE-AC70-38CD-9EA6-F83A75C9CB73}
	EndProjectSection
EndProject
Project("{8BC9CEB8-8B4A-11D0-8D11-00A0C91BC942}") = "test_property", "test_property.vcxproj", "{8DE2A0FC-353C-3B92-87CB-4633901A7897}"
	ProjectSection(ProjectDependencies) = postProject
		{0593E216-532F-37E0-A1EB-495D2575A7D6} = {0593E216-532F-37E0-A1EB-495D2575A7D6}
		{F1C36DBE-AC70-38CD-9EA6-F83A75C9CB73} = {F1C36DBE-AC70-38CD-9EA6-F83A75C9CB73}
	EndProjectSection
EndProject
Global
	GlobalSection(SolutionConfigurationPlatforms) = preSolution
		Debug|x64 = Debug|x64
		Release|x64 = Release|x64
		MinSizeRel|x64 = MinSizeRel|x64
		RelWithDebInfo|x64 = RelWithDebInfo|x64
	EndGlobalSection
	GlobalSection(ProjectConfigurationPlatforms) = postSolution
		{69AFA3C5-FACB-36BB-AA5F-3439ACCA96E1}.Debug|x64.ActiveCfg = Debug|x64
		{69AFA3C5-FACB-36BB-AA5F-3439ACCA96E1}.Release|x64.ActiveCfg = Release|x64
		{69AFA3C5-FACB-36BB-AA5F-3439ACCA96E1}.MinSizeRel|x64.ActiveCfg = MinSizeRel|x64
		{69AFA3C5-FACB-36BB-AA5F-3439ACCA96E1}.RelWithDebInfo|x64.ActiveCfg = RelWithDebInfo|x64
		{8CDC8DF1-81A5-35D4-BCEF-0F6A432604B0}.Debug|x64.ActiveCfg = Debug|x64
		{8CDC8DF1-81A5-35D4-BCEF-0F6A432604B0}.Release|x64.ActiveCfg = Release|x64
		{8CDC8DF1-81A5-35D4-BCEF-0F6A432604B0}.MinSizeRel|x64.ActiveCfg = MinSizeRel|x64
		{8CDC8DF1-81A5-35D4-BCEF-0F6A432604B0}.RelWithDebInfo|x64.ActiveCfg = RelWithDebInfo|x64
		{0593E216-532F-37E0-A1EB-495D2575A7D6}.Debug|x64.ActiveCfg = Debug|x64
		{0593E216-532F-37E0-A1EB-495D2575A7D6}.Debug|x64.Build.0 = Debug|x64
		{0593E216-532F-37E0-A1EB-495D2575A7D6}.Release|x64.ActiveCfg = Release|x64
		{0593E216-532F-37E0-A1EB-495D2575A7D6}.Release|x64.Build.0 = Release|x64
		{0593E216-532F-37E0-A1EB-495D2575A7D6}.MinSizeRel|x64.ActiveCfg = MinSizeRel|x64
		{0593E216-532F-37E0-A1EB-495D2575A7D6}.MinSizeRel|x64.Build.0 = MinSizeRel|x64
		{0593E216-532F-37E0-A1EB-495D2575A7D6}.RelWithDebInfo|x64.ActiveCfg = RelWithDebInfo|x64
		{0593E216-532F-37E0-A1EB-495D2575A7D6}.RelWithDebInfo|x64.Build.0 = RelWithDebInfo|x64
		{A97273BD-A2AA-322D-A0A2-08F9B417A34C}.Debug|x64.ActiveCfg = Debug|x64
		{A97273BD-A2AA-322D-A0A2-08F9B417A34C}.Debug|x64.Build.0 = Debug|x64
		{A97273BD-A2AA-322D-A0A2-08F9B417A34C}.Release|x64.ActiveCfg = Release|x64
		{A97273BD-A2AA-322D-A0A2-08F9B417A34C}.Release|x64.Build.0 = Release|x64
		{A97273BD-A2AA-322D-A0A2-08F9B417A34C}.MinSizeRel|x64.ActiveCfg = MinSizeRel|x64
		{A97273BD-A2AA-322D-A0A2-08F9B417A34C}.MinSizeRel|x64.Build.0 = MinSizeRel|x64
		{A97273BD-A2AA-322D-A0A2-08F9B417A34C}.RelWithDebInfo|x64.ActiveCfg = RelWithDebInfo|x64
		{A97273BD-A2AA-322D-A0A2-08F9B417A34C}.RelWithDebInfo|x64.Build.0 = RelWithDebInfo|x64
		{F1C36DBE-AC70-38CD-9EA6-F83A75C9CB73}.Debug|x64.ActiveCfg = Debug|x64
		{F1C36DBE-AC70-38CD-9EA6-F83A75C9CB73}.Debug|x64.Build.0 = Debug|x64
		{F1C36DBE-AC70-38CD-9EA6-F83A75C9CB73}.Release|x64.ActiveCfg = Release|x64
		{F1C36DBE-AC70-38CD-9EA6-F83A75C9CB73}.Release|x64.Build.0 = Release|x64
		{F1C36DBE-AC70-38CD-9EA6-F83A75C9CB73}.MinSizeRel|x64.ActiveCfg = MinSizeRel|x64
		{F1C36DBE-AC70-38CD-9EA6-F83A75C9CB73}.MinSizeRel|x64.Build.0 = MinSizeRel|x64
		{F1C36DBE-AC70-38CD-9EA6-F83A75C9CB73}.RelWithDebInfo|x64.ActiveCfg = RelWithDebInfo|x64
		{F1C36DBE-AC70-38CD-9EA6-F83A75C9CB73}.RelWithDebInfo|x64.Build.0 = RelWithDebInfo|x64
		{8983EF3E-852C-3FA4-812E-210F6E3EECC1}.Debug|x64.ActiveCfg = Debug|x64
		{8983EF3E-852C-3FA4-812E-210F6E3EECC1}.Debug|x64.Build.0 = Debug|x64
		{8983EF3E-852C-3FA4-812E-210F6E3EECC1}.Release|x64.ActiveCfg = Release|x64
		{8983EF3E-852C-3FA4-812E-210F6E3EECC1}.Release|x64.Build.0 = Release|x64
		{8983EF3E-852C-3FA4-812E-210F6E3EECC1}.MinSizeRel|x64.ActiveCfg = MinSizeRel|x64
		{8983EF3E-852C-3FA4-812E-210F6E3EECC1}.MinSizeRel|x64.Build.0 = MinSizeRel|x64
		{8983EF3E-852C-3FA4-812E-210F6E3EECC1}.RelWithDebInfo|x64.ActiveCfg = RelWithDebInfo|x64
		{8983EF3E-852C-3FA4-812E-210F6E3EECC1}.RelWithDebInfo|x64.Build.0 = RelWithDebInfo|x64
		{1D3DF85B-B89C-3937-BAD0-1D2FF5A44757}.Debug|x64.ActiveCfg = Debug|x64
		{1D3DF85B-B89C-3937-BAD0-1D2FF5A44757}.Debug|x64.Build.0 = Debug|x64
		{1D3DF85B-B89C-3937-BAD0-1D2FF5A44757}.Release|x64.ActiveCfg = Release|x64
		{1D3DF85B-B89C-3937-BAD0-1D2FF5A44757}.Release|x64.Build.0 = Release|x64
		{1D3DF85B-B89C-3937-BAD0-1D2FF5A44757}.MinSizeRel|x64.ActiveCfg = MinSizeRel|x64
		{1D3DF85B-B89C-3937-BAD0-1D2FF5A44757}.MinSizeRel|x64.Build.0 = MinSizeRel|x64
		{1D3DF85B-B89C-3937-BAD0-1D2FF5A44757}.RelWithDebInfo|x64.ActiveCfg = RelWithDebInfo|x64
		{1D3DF85B-B89C-3937-BAD0-1D2FF5A44757}.RelWithDebInfo|x64.Build.0 = RelWithDebInfo|x64
		{4537FB58-7A10-3C4D-9F67-F515D6D2AB0C}.Debug|x64.ActiveCfg = Debug|x64
		{4537FB58-7A10-3C4D-9F67-F515D6D2AB0C}.Debug|x64.Build.0 = Debug|x64
		{4537FB58-7A10-3C4D-9F67-F515D6D2AB0C}.Release|x64.ActiveCfg = Release|x64
		{4537FB58-7A10-3C4D-9F67-F515D6D2AB0C}.Release|x64.Build.0 = Release|x64
		{4537FB58-7A10-3C4D-9F67-F515D6D2AB0C}.MinSizeRel|x64.ActiveCfg = MinSizeRel|x64
		{4537FB58-7A10-3C4D-9F67-F515D6D2AB0C}.MinSizeRel|x64.Build.0 = MinSizeRel|x64
		{4537FB58-7A10-3C4D-9F67-F515D6D2AB0C}.RelWithDebInfo|x64.ActiveCfg = RelWithDebInfo|x64
		{4537FB58-7A10-3C4D-9F67-F515D6D2AB0C}.RelWithDebInfo|x64.Build.0 = RelWithDebInfo|x64
		{5EEFFEAF-B611-308B-9DCC-3ACE27B8F6DC}.Debug|x64.ActiveCfg = Debug|x64
		{5EEFFEAF-B611-308B-9DCC-3ACE27B8F6DC}.Debug|x64.Build.0 = Debug|x64
		{5EEFFEAF-B611-308B-9DCC-3ACE27B8F6DC}.Release|x64.ActiveCfg = Release|x64
		{5EEFFEAF-B611-308B-9DCC-3ACE27B8F6DC}.Release|x64.Build.0 = Release|x64
		{5EEFFEAF-B611-308B-9DCC-3ACE27B8F6DC}.MinSizeRel|x64.ActiveCfg = MinSizeRel|x64
		{5EEFFEAF-B611-308B-9DCC-3ACE27B8F6DC}.MinSizeRel|x64.Build.0 = MinSizeRel|x64
		{5EEFFEAF-B611-308B-9DCC-3ACE27B8F6DC}.RelWithDebInfo|x64.ActiveCfg = RelWithDebInfo|x64
		{5EEFFEAF-B611-308B-9DCC-3ACE27B8F6DC}.RelWithDebInfo|x64.Build.0 = RelWithDebInfo|x64
		{D7A61D80-3E19-3373-A8BF-A3BE7C3824CF}.Debug|x64.ActiveCfg = Debug|x64
		{D7A61D80-3E19-3373-A8BF-A3BE7C3824CF}.Debug|x64.Build.0 = Debug|x64
		{D7A61D80-3E19-3373-A8BF-A3BE7C3824CF}.Release|x64.ActiveCfg = Release|x64
		{D7A61D80-3E19-3373-A8BF-A3BE7C3824CF}.Release|x64.Build.0 = Release|x64
		{D7A61D80-3E19-3373-A8BF-A3BE7C3824CF}.MinSizeRel|x64.ActiveCfg = MinSizeRel|x64
		{D7A61D80-3E19-3373-A8BF-A3BE7C3824CF}.MinSizeRel|x64.Build.0 = MinSizeRel|x64
		{D7A61D80-3E19-3373-A8BF-A3BE7C3824CF}.RelWithDebInfo|x64.ActiveCfg = RelWithDebInfo|x64
		{D7A61D80-3E19-3373-A8BF-A3BE7C3824CF}.RelWithDebInfo|x64.Build.0 = RelWithDebInfo|x64
		{FB126829-9D76-39F0-9119-F30C5B1B9AAE}.Debug|x64.ActiveCfg = Debug|x64
		{FB126829-9D76-39F0-9119-F30C5B1B9AAE}.Debug|x64.Build.0 = Debug|x64
		{FB126829-9D76-39F0-9119-F30C5B1B9AAE}.Release|x64.ActiveCfg = Release|x64
		{FB126829-9D76-39F0-9119-F30C5B1B9AAE}.Release|x64.Build.0 = Release|x64
		{FB126829-9D76-39F0-9119-F30C5B1B9AAE}.MinSizeRel|x64.ActiveCfg = MinSizeRel|x64
		{FB126829-9D76-39F0-9119-F30C5B1B9AAE}.MinSizeRel|x64.Build.0 = MinSizeRel|x64
		{FB126829-9D76-39F0-9119-F30C5B1B9AAE}.RelWithDebInfo|x64.ActiveCfg = RelWithDebInfo|x64
		{FB126829-9D76-39F0-9119-F30C5B1B9AAE}.RelWithDebInfo|x64.Build.0 = RelWithDebInfo|x64
		{0561091F-40B1-3571-9FB7-89F45E582AA6}.Debug|x64.ActiveCfg = Debug|x64
		{0561091F-40B1-3571-9FB7-89F45E582AA6}.Debug|x64.Build.0 = Debug|x64
		{0561091F-40B1-3571-9FB7-89F45E582AA6}.Release|x64.ActiveCfg = Release|x64
		{0561091F-40B1-3571-9FB7-89F45E582AA6}.Release|x64.Build.0 = Release|x64
		{0561091F-40B1-3571-9FB7-89F45E582AA6}.MinSizeRel|x64.ActiveCfg = MinSizeRel|x64
		{0561091F-40B1-3571-9FB7-89F45E582AA6}.MinSizeRel|x64.Build.0 = MinSizeRel|x64
		{0561091F-40B1-3571-9FB7-89F45E582AA6}.RelWithDebInfo|x64.ActiveCfg = RelWithDebInfo|x64
		{0561091F-40B1-3571-9FB7-89F45E582AA6}.RelWithDebInfo|x64.Build.0 = RelWithDebInfo|x64
		{D7AD541E-8E12-3F70-A1A8-B02D8D752BE3}.Debug|x64.ActiveCfg = Debug|x64
		{D7AD541E-8E12-3F70-A1A8-B02D8D752BE3}.Debug|x64.Build.0 = Debug|x64
		{D7AD541E-8E12-3F70-A1A8-B02D8D752BE3}.Release|x64.ActiveCfg = Release|x64
		{D7AD541E-8E12-3F70-A1A8-B02D8D752BE3}.Release|x64.Build.0 = Release|x64
		{D7AD541E-8E12-3F70-A1A8-B02D8D752BE3}.MinSizeRel|x64.ActiveCfg = MinSizeRel|x64
		{D7AD541E-8E12-3F70-A1A8-B02D8D752BE3}.MinSizeRel|x64.Build.0 = MinSizeRel|x64
		{D7AD541E-8E12-3F70-A1A8-B02D8D752BE3}.RelWithDebInfo|x64.ActiveCfg = RelWithDebInfo|x64
		{D7AD541E-8E12-3F70-A1A8-B02D8D752BE3}.RelWithDebInfo|x64.Build.0 = RelWithDebInfo|x64
		{AB4B7B8D-379B-31F4-88BF-F73AB2F110F3}.Debug|x64.ActiveCfg = Debug|x64
		{AB4B7B8D-379B-31F4-88BF-F73AB2F110F3}.Debug|x64.Build.0 = Debug|x64
		{AB4B7B8D-379B-31F4-88BF-F73AB2F110F3}.Release|x64.ActiveCfg = Release|x64
		{AB4B7B8D-379B-31F4-88BF-F73AB2F110F3}.Release|x64.Build.0 = Release|x64
		{AB4B7B8D-379B-31F4-88BF-F73AB2F110F3}.MinSizeRel|x64.ActiveCfg = MinSizeRel|x64
		{AB4B7B8D-379B-31F4-88BF-F73AB2F110F3}.MinSizeRel|x64.Build.0 = MinSizeRel|x64
		{AB4B7B8D-379B-31F4-88BF-F73AB2F110F3}.RelWithDebInfo|x64.ActiveCfg = RelWithDebInfo|x64
		{AB4B7B8D-379B-31F4-88BF-F73AB2F110F3}.RelWithDebInfo|x64.Build.0 = RelWithDebInfo|x64
		{8DE2A0FC-353C-3B92-87CB-4633901A7897}.Debug|x64.ActiveCfg = Debug|x64
		{8DE2A0FC-353C-3B92-87CB-4633901A7897}.Debug|x64.Build.0 = Debug|x64
		{8DE2A0FC-353C-3B92-87CB-4633901A7897}.Release|x64.ActiveCfg = Release|x64
		{8DE2A0FC-353C-3B92-87CB-4633901A7897}.Release|x64.Build.0 = Release|x64
		{8DE2A0FC-353C-3B92-87CB-4633901A7897}.MinSizeRel|x64.ActiveCfg = MinSizeRel|x64
		{8DE2A0FC-353C-3B92-87CB-4633901A7897}.MinSizeRel|x64.Build.0 = MinSizeRel|x64
		{8DE2A0FC-353C-3B92-87CB-4633901A7897}.RelWithDebInfo|x64.ActiveCfg = RelWithDebInfo|x64
		{8DE2A0FC-353C-3B92-87CB-4633901A7897}.RelWithDebInfo|x64.Build.0 = RelWithDebInfo|x64
	EndGlobalSection
	GlobalSection(ExtensibilityGlobals) = postSolution
		SolutionGuid = {2A17B21A-7433-3C1D-BD5C-983B0ACE2CE2}
	EndGlobalSection
	GlobalSection(ExtensibilityAddIns) = postSolution
	EndGlobalSection
EndGlobal
