<?xml version="1.0" encoding="utf-8"?>
<Project ToolsVersion="17.0" xmlns="http://schemas.microsoft.com/developer/msbuild/2003">
  <ItemGroup>
    <ClCompile Include="E:\软件工程\开发过程\bug\src\core\game.c">
      <Filter>Source Files</Filter>
    </ClCompile>
    <ClCompile Include="E:\软件工程\开发过程\bug\src\startup\startup.c">
      <Filter>Source Files</Filter>
    </ClCompile>
    <ClCompile Include="E:\软件工程\开发过程\bug\src\commands\command_dispatcher.c">
      <Filter>Source Files</Filter>
    </ClCompile>
    <ClCompile Include="E:\软件工程\开发过程\bug\src\commands\quit_command.c">
      <Filter>Source Files</Filter>
    </ClCompile>
    <ClCompile Include="E:\软件工程\开发过程\bug\src\commands\query_format.c">
      <Filter>Source Files</Filter>
    </ClCompile>
    <ClCompile Include="E:\软件工程\开发过程\bug\src\runtime\runtime.c">
      <Filter>Source Files</Filter>
    </ClCompile>
    <ClCompile Include="E:\软件工程\开发过程\bug\src\story\gift.c">
      <Filter>Source Files</Filter>
    </ClCompile>
    <ClCompile Include="E:\软件工程\开发过程\bug\src\story\magic.c">
      <Filter>Source Files</Filter>
    </ClCompile>
    <ClCompile Include="E:\软件工程\开发过程\bug\src\character.c">
      <Filter>Source Files</Filter>
    </ClCompile>
    <ClCompile Include="E:\软件工程\开发过程\bug\src\a4\a4_turn_manager.c">
      <Filter>Source Files</Filter>
    </ClCompile>
    <ClCompile Include="E:\软件工程\开发过程\bug\src\map\map.c">
      <Filter>Source Files</Filter>
    </ClCompile>
    <ClCompile Include="E:\软件工程\开发过程\bug\src\map\game_interfaces.c">
      <Filter>Source Files</Filter>
    </ClCompile>
    <ClCompile Include="E:\软件工程\开发过程\bug\src\property\property_system.c">
      <Filter>Source Files</Filter>
    </ClCompile>
  </ItemGroup>
  <ItemGroup>
    <CustomBuild Include="E:\软件工程\开发过程\bug\CMakeLists.txt" />
  </ItemGroup>
  <ItemGroup>
    <Filter Include="Source Files">
      <UniqueIdentifier>{6812FF99-F687-3482-9670-68EB46E42DDE}</UniqueIdentifier>
    </Filter>
  </ItemGroup>
</Project>
